// !$*UTF8*$!
{
	archiveVersion = 1;
	classes = {
	};
	objectVersion = 50;
	objects = {

/* Begin PBXBuildFile section */
		552AC121250C2E82006A904C /* DonationTypesViewController.swift in Sources */ = {isa = PBXBuildFile; fileRef = 552AC120250C2E82006A904C /* DonationTypesViewController.swift */; };
		552AC123250C2EB0006A904C /* DonationTypeView.swift in Sources */ = {isa = PBXBuildFile; fileRef = 552AC122250C2EB0006A904C /* DonationTypeView.swift */; };
		552AC125250C3332006A904C /* DonationType.swift in Sources */ = {isa = PBXBuildFile; fileRef = 552AC124250C3332006A904C /* DonationType.swift */; };
		552AC128250C39C4006A904C /* GoalDonationTableViewController.swift in Sources */ = {isa = PBXBuildFile; fileRef = 552AC127250C39C4006A904C /* GoalDonationTableViewController.swift */; };
		552AC12D250C3A32006A904C /* InputFieldTableViewCell.swift in Sources */ = {isa = PBXBuildFile; fileRef = 552AC12C250C3A32006A904C /* InputFieldTableViewCell.swift */; };
		552AC12F250C3A3C006A904C /* InputFieldItem.swift in Sources */ = {isa = PBXBuildFile; fileRef = 552AC12E250C3A3C006A904C /* InputFieldItem.swift */; };
		552AC131250C5615006A904C /* UploadImageTableViewCell.swift in Sources */ = {isa = PBXBuildFile; fileRef = 552AC130250C5615006A904C /* UploadImageTableViewCell.swift */; };
		552AC133250C589D006A904C /* UITableViewCell+ReuseIdentifier.swift in Sources */ = {isa = PBXBuildFile; fileRef = 552AC132250C589D006A904C /* UITableViewCell+ReuseIdentifier.swift */; };
		55AC3826250C1DEE0053A2BC /* AppDelegate.swift in Sources */ = {isa = PBXBuildFile; fileRef = 55AC3825250C1DEE0053A2BC /* AppDelegate.swift */; };
		55AC3828250C1DEE0053A2BC /* SceneDelegate.swift in Sources */ = {isa = PBXBuildFile; fileRef = 55AC3827250C1DEE0053A2BC /* SceneDelegate.swift */; };
		55AC382D250C1DEE0053A2BC /* Main.storyboard in Resources */ = {isa = PBXBuildFile; fileRef = 55AC382B250C1DEE0053A2BC /* Main.storyboard */; };
		55AC382F250C1DEF0053A2BC /* Assets.xcassets in Resources */ = {isa = PBXBuildFile; fileRef = 55AC382E250C1DEF0053A2BC /* Assets.xcassets */; };
		55AC3832250C1DEF0053A2BC /* LaunchScreen.storyboard in Resources */ = {isa = PBXBuildFile; fileRef = 55AC3830250C1DEF0053A2BC /* LaunchScreen.storyboard */; };
		55AC383A250C223D0053A2BC /* PrimaryButton.swift in Sources */ = {isa = PBXBuildFile; fileRef = 55AC3839250C223D0053A2BC /* PrimaryButton.swift */; };
		55AC383C250C22AC0053A2BC /* Fonts.swift in Sources */ = {isa = PBXBuildFile; fileRef = 55AC383B250C22AC0053A2BC /* Fonts.swift */; };
		55AC383E250C23550053A2BC /* Colors.swift in Sources */ = {isa = PBXBuildFile; fileRef = 55AC383D250C23550053A2BC /* Colors.swift */; };
		55AC3840250C25A80053A2BC /* DonationsViewController.swift in Sources */ = {isa = PBXBuildFile; fileRef = 55AC383F250C25A80053A2BC /* DonationsViewController.swift */; };
/* End PBXBuildFile section */

/* Begin PBXFileReference section */
		552AC120250C2E82006A904C /* DonationTypesViewController.swift */ = {isa = PBXFileReference; lastKnownFileType = sourcecode.swift; path = DonationTypesViewController.swift; sourceTree = "<group>"; };
		552AC122250C2EB0006A904C /* DonationTypeView.swift */ = {isa = PBXFileReference; lastKnownFileType = sourcecode.swift; path = DonationTypeView.swift; sourceTree = "<group>"; };
		552AC124250C3332006A904C /* DonationType.swift */ = {isa = PBXFileReference; lastKnownFileType = sourcecode.swift; path = DonationType.swift; sourceTree = "<group>"; };
		552AC127250C39C4006A904C /* GoalDonationTableViewController.swift */ = {isa = PBXFileReference; lastKnownFileType = sourcecode.swift; path = GoalDonationTableViewController.swift; sourceTree = "<group>"; };
		552AC12C250C3A32006A904C /* InputFieldTableViewCell.swift */ = {isa = PBXFileReference; lastKnownFileType = sourcecode.swift; path = InputFieldTableViewCell.swift; sourceTree = "<group>"; };
		552AC12E250C3A3C006A904C /* InputFieldItem.swift */ = {isa = PBXFileReference; lastKnownFileType = sourcecode.swift; path = InputFieldItem.swift; sourceTree = "<group>"; };
		552AC130250C5615006A904C /* UploadImageTableViewCell.swift */ = {isa = PBXFileReference; lastKnownFileType = sourcecode.swift; path = UploadImageTableViewCell.swift; sourceTree = "<group>"; };
		552AC132250C589D006A904C /* UITableViewCell+ReuseIdentifier.swift */ = {isa = PBXFileReference; lastKnownFileType = sourcecode.swift; path = "UITableViewCell+ReuseIdentifier.swift"; sourceTree = "<group>"; };
		55AC3822250C1DEE0053A2BC /* VKDonations.app */ = {isa = PBXFileReference; explicitFileType = wrapper.application; includeInIndex = 0; path = VKDonations.app; sourceTree = BUILT_PRODUCTS_DIR; };
		55AC3825250C1DEE0053A2BC /* AppDelegate.swift */ = {isa = PBXFileReference; lastKnownFileType = sourcecode.swift; path = AppDelegate.swift; sourceTree = "<group>"; };
		55AC3827250C1DEE0053A2BC /* SceneDelegate.swift */ = {isa = PBXFileReference; lastKnownFileType = sourcecode.swift; path = SceneDelegate.swift; sourceTree = "<group>"; };
		55AC382C250C1DEE0053A2BC /* Base */ = {isa = PBXFileReference; lastKnownFileType = file.storyboard; name = Base; path = Base.lproj/Main.storyboard; sourceTree = "<group>"; };
		55AC382E250C1DEF0053A2BC /* Assets.xcassets */ = {isa = PBXFileReference; lastKnownFileType = folder.assetcatalog; path = Assets.xcassets; sourceTree = "<group>"; };
		55AC3831250C1DEF0053A2BC /* Base */ = {isa = PBXFileReference; lastKnownFileType = file.storyboard; name = Base; path = Base.lproj/LaunchScreen.storyboard; sourceTree = "<group>"; };
		55AC3833250C1DEF0053A2BC /* Info.plist */ = {isa = PBXFileReference; lastKnownFileType = text.plist.xml; path = Info.plist; sourceTree = "<group>"; };
		55AC3839250C223D0053A2BC /* PrimaryButton.swift */ = {isa = PBXFileReference; lastKnownFileType = sourcecode.swift; path = PrimaryButton.swift; sourceTree = "<group>"; };
		55AC383B250C22AC0053A2BC /* Fonts.swift */ = {isa = PBXFileReference; lastKnownFileType = sourcecode.swift; path = Fonts.swift; sourceTree = "<group>"; };
		55AC383D250C23550053A2BC /* Colors.swift */ = {isa = PBXFileReference; lastKnownFileType = sourcecode.swift; path = Colors.swift; sourceTree = "<group>"; };
		55AC383F250C25A80053A2BC /* DonationsViewController.swift */ = {isa = PBXFileReference; lastKnownFileType = sourcecode.swift; path = DonationsViewController.swift; sourceTree = "<group>"; };
/* End PBXFileReference section */

/* Begin PBXFrameworksBuildPhase section */
		55AC381F250C1DEE0053A2BC /* Frameworks */ = {
			isa = PBXFrameworksBuildPhase;
			buildActionMask = 2147483647;
			files = (
			);
			runOnlyForDeploymentPostprocessing = 0;
		};
/* End PBXFrameworksBuildPhase section */

/* Begin PBXGroup section */
		552AC126250C3351006A904C /* DonationType */ = {
			isa = PBXGroup;
			children = (
				552AC120250C2E82006A904C /* DonationTypesViewController.swift */,
				552AC124250C3332006A904C /* DonationType.swift */,
				552AC122250C2EB0006A904C /* DonationTypeView.swift */,
			);
			path = DonationType;
			sourceTree = "<group>";
		};
		552AC129250C39FA006A904C /* GoalDonation */ = {
			isa = PBXGroup;
			children = (
				552AC127250C39C4006A904C /* GoalDonationTableViewController.swift */,
			);
			path = GoalDonation;
			sourceTree = "<group>";
		};
		552AC12A250C3A05006A904C /* Utils */ = {
			isa = PBXGroup;
			children = (
				55AC383B250C22AC0053A2BC /* Fonts.swift */,
				55AC383D250C23550053A2BC /* Colors.swift */,
				552AC132250C589D006A904C /* UITableViewCell+ReuseIdentifier.swift */,
			);
			path = Utils;
			sourceTree = "<group>";
		};
		552AC12B250C3A12006A904C /* Views */ = {
			isa = PBXGroup;
			children = (
				55AC3839250C223D0053A2BC /* PrimaryButton.swift */,
				552AC12C250C3A32006A904C /* InputFieldTableViewCell.swift */,
				552AC12E250C3A3C006A904C /* InputFieldItem.swift */,
				552AC130250C5615006A904C /* UploadImageTableViewCell.swift */,
			);
			path = Views;
			sourceTree = "<group>";
		};
		55AC3819250C1DEE0053A2BC = {
			isa = PBXGroup;
			children = (
				55AC3824250C1DEE0053A2BC /* VKDonations */,
				55AC3823250C1DEE0053A2BC /* Products */,
			);
			sourceTree = "<group>";
		};
		55AC3823250C1DEE0053A2BC /* Products */ = {
			isa = PBXGroup;
			children = (
				55AC3822250C1DEE0053A2BC /* VKDonations.app */,
			);
			name = Products;
			sourceTree = "<group>";
		};
		55AC3824250C1DEE0053A2BC /* VKDonations */ = {
			isa = PBXGroup;
			children = (
				55AC3825250C1DEE0053A2BC /* AppDelegate.swift */,
				55AC3827250C1DEE0053A2BC /* SceneDelegate.swift */,
				55AC383F250C25A80053A2BC /* DonationsViewController.swift */,
				552AC12B250C3A12006A904C /* Views */,
				552AC129250C39FA006A904C /* GoalDonation */,
				552AC126250C3351006A904C /* DonationType */,
				552AC12A250C3A05006A904C /* Utils */,
				55AC382B250C1DEE0053A2BC /* Main.storyboard */,
				55AC382E250C1DEF0053A2BC /* Assets.xcassets */,
				55AC3830250C1DEF0053A2BC /* LaunchScreen.storyboard */,
				55AC3833250C1DEF0053A2BC /* Info.plist */,
			);
			path = VKDonations;
			sourceTree = "<group>";
		};
/* End PBXGroup section */

/* Begin PBXNativeTarget section */
		55AC3821250C1DEE0053A2BC /* VKDonations */ = {
			isa = PBXNativeTarget;
			buildConfigurationList = 55AC3836250C1DEF0053A2BC /* Build configuration list for PBXNativeTarget "VKDonations" */;
			buildPhases = (
				55AC381E250C1DEE0053A2BC /* Sources */,
				55AC381F250C1DEE0053A2BC /* Frameworks */,
				55AC3820250C1DEE0053A2BC /* Resources */,
			);
			buildRules = (
			);
			dependencies = (
			);
			name = VKDonations;
			productName = VKDonations;
			productReference = 55AC3822250C1DEE0053A2BC /* VKDonations.app */;
			productType = "com.apple.product-type.application";
		};
/* End PBXNativeTarget section */

/* Begin PBXProject section */
		55AC381A250C1DEE0053A2BC /* Project object */ = {
			isa = PBXProject;
			attributes = {
				LastSwiftUpdateCheck = 1170;
				LastUpgradeCheck = 1170;
				ORGANIZATIONNAME = PreviousStation;
				TargetAttributes = {
					55AC3821250C1DEE0053A2BC = {
						CreatedOnToolsVersion = 11.7;
					};
				};
			};
			buildConfigurationList = 55AC381D250C1DEE0053A2BC /* Build configuration list for PBXProject "VKDonations" */;
			compatibilityVersion = "Xcode 9.3";
			developmentRegion = en;
			hasScannedForEncodings = 0;
			knownRegions = (
				en,
				Base,
			);
			mainGroup = 55AC3819250C1DEE0053A2BC;
			productRefGroup = 55AC3823250C1DEE0053A2BC /* Products */;
			projectDirPath = "";
			projectRoot = "";
			targets = (
				55AC3821250C1DEE0053A2BC /* VKDonations */,
			);
		};
/* End PBXProject section */

/* Begin PBXResourcesBuildPhase section */
		55AC3820250C1DEE0053A2BC /* Resources */ = {
			isa = PBXResourcesBuildPhase;
			buildActionMask = 2147483647;
			files = (
				55AC3832250C1DEF0053A2BC /* LaunchScreen.storyboard in Resources */,
				55AC382F250C1DEF0053A2BC /* Assets.xcassets in Resources */,
				55AC382D250C1DEE0053A2BC /* Main.storyboard in Resources */,
			);
			runOnlyForDeploymentPostprocessing = 0;
		};
/* End PBXResourcesBuildPhase section */

/* Begin PBXSourcesBuildPhase section */
		55AC381E250C1DEE0053A2BC /* Sources */ = {
			isa = PBXSourcesBuildPhase;
			buildActionMask = 2147483647;
			files = (
				552AC125250C3332006A904C /* DonationType.swift in Sources */,
				552AC12F250C3A3C006A904C /* InputFieldItem.swift in Sources */,
				55AC383E250C23550053A2BC /* Colors.swift in Sources */,
				552AC12D250C3A32006A904C /* InputFieldTableViewCell.swift in Sources */,
				552AC128250C39C4006A904C /* GoalDonationTableViewController.swift in Sources */,
				552AC133250C589D006A904C /* UITableViewCell+ReuseIdentifier.swift in Sources */,
				55AC3840250C25A80053A2BC /* DonationsViewController.swift in Sources */,
				552AC123250C2EB0006A904C /* DonationTypeView.swift in Sources */,
				55AC383C250C22AC0053A2BC /* Fonts.swift in Sources */,
				55AC3826250C1DEE0053A2BC /* AppDelegate.swift in Sources */,
				55AC383A250C223D0053A2BC /* PrimaryButton.swift in Sources */,
				552AC131250C5615006A904C /* UploadImageTableViewCell.swift in Sources */,
				552AC121250C2E82006A904C /* DonationTypesViewController.swift in Sources */,
				55AC3828250C1DEE0053A2BC /* SceneDelegate.swift in Sources */,
			);
			runOnlyForDeploymentPostprocessing = 0;
		};
/* End PBXSourcesBuildPhase section */

/* Begin PBXVariantGroup section */
		55AC382B250C1DEE0053A2BC /* Main.storyboard */ = {
			isa = PBXVariantGroup;
			children = (
				55AC382C250C1DEE0053A2BC /* Base */,
			);
			name = Main.storyboard;
			sourceTree = "<group>";
		};
		55AC3830250C1DEF0053A2BC /* LaunchScreen.storyboard */ = {
			isa = PBXVariantGroup;
			children = (
				55AC3831250C1DEF0053A2BC /* Base */,
			);
			name = LaunchScreen.storyboard;
			sourceTree = "<group>";
		};
/* End PBXVariantGroup section */

/* Begin XCBuildConfiguration section */
		55AC3834250C1DEF0053A2BC /* Debug */ = {
			isa = XCBuildConfiguration;
			buildSettings = {
				ALWAYS_SEARCH_USER_PATHS = NO;
				CLANG_ANALYZER_NONNULL = YES;
				CLANG_ANALYZER_NUMBER_OBJECT_CONVERSION = YES_AGGRESSIVE;
				CLANG_CXX_LANGUAGE_STANDARD = "gnu++14";
				CLANG_CXX_LIBRARY = "libc++";
				CLANG_ENABLE_MODULES = YES;
				CLANG_ENABLE_OBJC_ARC = YES;
				CLANG_ENABLE_OBJC_WEAK = YES;
				CLANG_WARN_BLOCK_CAPTURE_AUTORELEASING = YES;
				CLANG_WARN_BOOL_CONVERSION = YES;
				CLANG_WARN_COMMA = YES;
				CLANG_WARN_CONSTANT_CONVERSION = YES;
				CLANG_WARN_DEPRECATED_OBJC_IMPLEMENTATIONS = YES;
				CLANG_WARN_DIRECT_OBJC_ISA_USAGE = YES_ERROR;
				CLANG_WARN_DOCUMENTATION_COMMENTS = YES;
				CLANG_WARN_EMPTY_BODY = YES;
				CLANG_WARN_ENUM_CONVERSION = YES;
				CLANG_WARN_INFINITE_RECURSION = YES;
				CLANG_WARN_INT_CONVERSION = YES;
				CLANG_WARN_NON_LITERAL_NULL_CONVERSION = YES;
				CLANG_WARN_OBJC_IMPLICIT_RETAIN_SELF = YES;
				CLANG_WARN_OBJC_LITERAL_CONVERSION = YES;
				CLANG_WARN_OBJC_ROOT_CLASS = YES_ERROR;
				CLANG_WARN_RANGE_LOOP_ANALYSIS = YES;
				CLANG_WARN_STRICT_PROTOTYPES = YES;
				CLANG_WARN_SUSPICIOUS_MOVE = YES;
				CLANG_WARN_UNGUARDED_AVAILABILITY = YES_AGGRESSIVE;
				CLANG_WARN_UNREACHABLE_CODE = YES;
				CLANG_WARN__DUPLICATE_METHOD_MATCH = YES;
				COPY_PHASE_STRIP = NO;
				DEBUG_INFORMATION_FORMAT = dwarf;
				ENABLE_STRICT_OBJC_MSGSEND = YES;
				ENABLE_TESTABILITY = YES;
				GCC_C_LANGUAGE_STANDARD = gnu11;
				GCC_DYNAMIC_NO_PIC = NO;
				GCC_NO_COMMON_BLOCKS = YES;
				GCC_OPTIMIZATION_LEVEL = 0;
				GCC_PREPROCESSOR_DEFINITIONS = (
					"DEBUG=1",
					"$(inherited)",
				);
				GCC_WARN_64_TO_32_BIT_CONVERSION = YES;
				GCC_WARN_ABOUT_RETURN_TYPE = YES_ERROR;
				GCC_WARN_UNDECLARED_SELECTOR = YES;
				GCC_WARN_UNINITIALIZED_AUTOS = YES_AGGRESSIVE;
				GCC_WARN_UNUSED_FUNCTION = YES;
				GCC_WARN_UNUSED_VARIABLE = YES;
				IPHONEOS_DEPLOYMENT_TARGET = 13.7;
				MTL_ENABLE_DEBUG_INFO = INCLUDE_SOURCE;
				MTL_FAST_MATH = YES;
				ONLY_ACTIVE_ARCH = YES;
				SDKROOT = iphoneos;
				SWIFT_ACTIVE_COMPILATION_CONDITIONS = DEBUG;
				SWIFT_OPTIMIZATION_LEVEL = "-Onone";
			};
			name = Debug;
		};
		55AC3835250C1DEF0053A2BC /* Release */ = {
			isa = XCBuildConfiguration;
			buildSettings = {
				ALWAYS_SEARCH_USER_PATHS = NO;
				CLANG_ANALYZER_NONNULL = YES;
				CLANG_ANALYZER_NUMBER_OBJECT_CONVERSION = YES_AGGRESSIVE;
				CLANG_CXX_LANGUAGE_STANDARD = "gnu++14";
				CLANG_CXX_LIBRARY = "libc++";
				CLANG_ENABLE_MODULES = YES;
				CLANG_ENABLE_OBJC_ARC = YES;
				CLANG_ENABLE_OBJC_WEAK = YES;
				CLANG_WARN_BLOCK_CAPTURE_AUTORELEASING = YES;
				CLANG_WARN_BOOL_CONVERSION = YES;
				CLANG_WARN_COMMA = YES;
				CLANG_WARN_CONSTANT_CONVERSION = YES;
				CLANG_WARN_DEPRECATED_OBJC_IMPLEMENTATIONS = YES;
				CLANG_WARN_DIRECT_OBJC_ISA_USAGE = YES_ERROR;
				CLANG_WARN_DOCUMENTATION_COMMENTS = YES;
				CLANG_WARN_EMPTY_BODY = YES;
				CLANG_WARN_ENUM_CONVERSION = YES;
				CLANG_WARN_INFINITE_RECURSION = YES;
				CLANG_WARN_INT_CONVERSION = YES;
				CLANG_WARN_NON_LITERAL_NULL_CONVERSION = YES;
				CLANG_WARN_OBJC_IMPLICIT_RETAIN_SELF = YES;
				CLANG_WARN_OBJC_LITERAL_CONVERSION = YES;
				CLANG_WARN_OBJC_ROOT_CLASS = YES_ERROR;
				CLANG_WARN_RANGE_LOOP_ANALYSIS = YES;
				CLANG_WARN_STRICT_PROTOTYPES = YES;
				CLANG_WARN_SUSPICIOUS_MOVE = YES;
				CLANG_WARN_UNGUARDED_AVAILABILITY = YES_AGGRESSIVE;
				CLANG_WARN_UNREACHABLE_CODE = YES;
				CLANG_WARN__DUPLICATE_METHOD_MATCH = YES;
				COPY_PHASE_STRIP = NO;
				DEBUG_INFORMATION_FORMAT = "dwarf-with-dsym";
				ENABLE_NS_ASSERTIONS = NO;
				ENABLE_STRICT_OBJC_MSGSEND = YES;
				GCC_C_LANGUAGE_STANDARD = gnu11;
				GCC_NO_COMMON_BLOCKS = YES;
				GCC_WARN_64_TO_32_BIT_CONVERSION = YES;
				GCC_WARN_ABOUT_RETURN_TYPE = YES_ERROR;
				GCC_WARN_UNDECLARED_SELECTOR = YES;
				GCC_WARN_UNINITIALIZED_AUTOS = YES_AGGRESSIVE;
				GCC_WARN_UNUSED_FUNCTION = YES;
				GCC_WARN_UNUSED_VARIABLE = YES;
				IPHONEOS_DEPLOYMENT_TARGET = 13.7;
				MTL_ENABLE_DEBUG_INFO = NO;
				MTL_FAST_MATH = YES;
				SDKROOT = iphoneos;
				SWIFT_COMPILATION_MODE = wholemodule;
				SWIFT_OPTIMIZATION_LEVEL = "-O";
				VALIDATE_PRODUCT = YES;
			};
			name = Release;
		};
		55AC3837250C1DEF0053A2BC /* Debug */ = {
			isa = XCBuildConfiguration;
			buildSettings = {
				ASSETCATALOG_COMPILER_APPICON_NAME = AppIcon;
				CODE_SIGN_STYLE = Automatic;
				INFOPLIST_FILE = VKDonations/Info.plist;
				LD_RUNPATH_SEARCH_PATHS = (
					"$(inherited)",
					"@executable_path/Frameworks",
				);
				PRODUCT_BUNDLE_IDENTIFIER = PreviousStation.VKDonations;
				PRODUCT_NAME = "$(TARGET_NAME)";
				SWIFT_VERSION = 5.0;
				TARGETED_DEVICE_FAMILY = "1,2";
			};
			name = Debug;
		};
		55AC3838250C1DEF0053A2BC /* Release */ = {
			isa = XCBuildConfiguration;
			buildSettings = {
				ASSETCATALOG_COMPILER_APPICON_NAME = AppIcon;
				CODE_SIGN_STYLE = Automatic;
				INFOPLIST_FILE = VKDonations/Info.plist;
				LD_RUNPATH_SEARCH_PATHS = (
					"$(inherited)",
					"@executable_path/Frameworks",
				);
				PRODUCT_BUNDLE_IDENTIFIER = PreviousStation.VKDonations;
				PRODUCT_NAME = "$(TARGET_NAME)";
				SWIFT_VERSION = 5.0;
				TARGETED_DEVICE_FAMILY = "1,2";
			};
			name = Release;
		};
/* End XCBuildConfiguration section */

/* Begin XCConfigurationList section */
		55AC381D250C1DEE0053A2BC /* Build configuration list for PBXProject "VKDonations" */ = {
			isa = XCConfigurationList;
			buildConfigurations = (
				55AC3834250C1DEF0053A2BC /* Debug */,
				55AC3835250C1DEF0053A2BC /* Release */,
			);
			defaultConfigurationIsVisible = 0;
			defaultConfigurationName = Release;
		};
		55AC3836250C1DEF0053A2BC /* Build configuration list for PBXNativeTarget "VKDonations" */ = {
			isa = XCConfigurationList;
			buildConfigurations = (
				55AC3837250C1DEF0053A2BC /* Debug */,
				55AC3838250C1DEF0053A2BC /* Release */,
			);
			defaultConfigurationIsVisible = 0;
			defaultConfigurationName = Release;
		};
/* End XCConfigurationList section */
	};
	rootObject = 55AC381A250C1DEE0053A2BC /* Project object */;
}
